<?xml version="1.0" encoding="utf-8"?>
<Project ToolsVersion="4.0" xmlns="http://schemas.microsoft.com/developer/msbuild/2003">
  <ItemGroup>
    <Filter Include="win32">
      <UniqueIdentifier>{b3c1ecf0-c079-4cf8-94b1-c9efeb27a116}</UniqueIdentifier>
    </Filter>
    <Filter Include="core">
      <UniqueIdentifier>{108f7229-5c69-4f2d-9c1b-ec49863d7af6}</UniqueIdentifier>
    </Filter>
    <Filter Include="math">
      <UniqueIdentifier>{6746387d-60bc-424b-bf99-3f90910b52ea}</UniqueIdentifier>
    </Filter>
  </ItemGroup>
  <ItemGroup>
    <ClCompile Include="..\..\jni\win32\core.cpp">
      <Filter>win32</Filter>
    </ClCompile>
    <ClCompile Include="..\..\jni\win32\renderer.cpp">
      <Filter>win32</Filter>
    </ClCompile>
    <ClCompile Include="..\..\jni\win32\entrypoint.cpp">
      <Filter>win32</Filter>
    </ClCompile>
    <ClCompile Include="..\..\jni\Biominator.cpp">
      <Filter>core</Filter>
    </ClCompile>
    <ClCompile Include="..\..\jni\core.cpp">
      <Filter>core</Filter>
    </ClCompile>
    <ClCompile Include="..\..\jni\entrypoint.cpp">
      <Filter>core</Filter>
    </ClCompile>
    <ClCompile Include="..\..\jni\renderer.cpp">
      <Filter>core</Filter>
    </ClCompile>
    <ClCompile Include="..\..\jni\event.cpp">
      <Filter>core</Filter>
    </ClCompile>
    <ClCompile Include="..\..\jni\eventmanager.cpp">
      <Filter>core</Filter>
    </ClCompile>
    <ClCompile Include="..\..\jni\listener.cpp">
      <Filter>core</Filter>
    </ClCompile>
    <ClCompile Include="..\..\jni\producer.cpp">
      <Filter>core</Filter>
    </ClCompile>
    <ClCompile Include="..\..\jni\eventmanagercontainer.cpp">
      <Filter>core</Filter>
    </ClCompile>
    <ClCompile Include="..\..\jni\eventtypes.cpp">
      <Filter>core</Filter>
    </ClCompile>
    <ClCompile Include="..\..\jni\vertexbuffer.cpp">
      <Filter>core</Filter>
    </ClCompile>
    <ClCompile Include="..\..\jni\math\kangles.cpp">
      <Filter>math</Filter>
    </ClCompile>
    <ClCompile Include="..\..\jni\math\klib.cpp">
      <Filter>math</Filter>
    </ClCompile>
    <ClCompile Include="..\..\jni\math\kmath.cpp">
      <Filter>math</Filter>
    </ClCompile>
    <ClCompile Include="..\..\jni\math\kmatrix.cpp">
      <Filter>math</Filter>
    </ClCompile>
    <ClCompile Include="..\..\jni\math\kvector.cpp">
      <Filter>math</Filter>
    </ClCompile>
    <ClCompile Include="..\..\jni\vertexbuffergl.cpp">
      <Filter>core</Filter>
    </ClCompile>
    <ClCompile Include="..\..\jni\shaderprogram.cpp">
      <Filter>core</Filter>
    </ClCompile>
    <ClCompile Include="..\..\jni\shadermanager.cpp">
      <Filter>core</Filter>
    </ClCompile>
    <ClCompile Include="..\..\jni\memory.cpp">
      <Filter>core</Filter>
    </ClCompile>
    <ClCompile Include="..\..\jni\filemanager.cpp">
      <Filter>core</Filter>
    </ClCompile>
    <ClCompile Include="..\..\jni\win32\filemanager.cpp">
      <Filter>win32</Filter>
    </ClCompile>
    <ClCompile Include="..\..\jni\tools.cpp">
      <Filter>core</Filter>
    </ClCompile>
    <ClCompile Include="..\..\jni\imageloader.cpp">
      <Filter>core</Filter>
    </ClCompile>
    <ClCompile Include="..\..\jni\texture.cpp">
      <Filter>core</Filter>
    </ClCompile>
    <ClCompile Include="..\..\jni\win32\texture.cpp">
      <Filter>win32</Filter>
    </ClCompile>
    <ClCompile Include="..\..\jni\material.cpp">
      <Filter>core</Filter>
    </ClCompile>
    <ClCompile Include="..\..\jni\mesh.cpp">
      <Filter>core</Filter>
    </ClCompile>
    <ClCompile Include="..\..\jni\camera.cpp">
      <Filter>core</Filter>
    </ClCompile>
    <ClCompile Include="..\..\jni\camera3d.cpp">
      <Filter>core</Filter>
    </ClCompile>
  </ItemGroup>
  <ItemGroup>
    <ClInclude Include="..\..\jni\win32\core.h">
      <Filter>win32</Filter>
    </ClInclude>
    <ClInclude Include="..\..\jni\win32\renderer.h">
      <Filter>win32</Filter>
    </ClInclude>
    <ClInclude Include="..\..\jni\win32\entrypoint.h">
      <Filter>win32</Filter>
    </ClInclude>
    <ClInclude Include="..\..\jni\core.h">
      <Filter>core</Filter>
    </ClInclude>
    <ClInclude Include="..\..\jni\entrypoint.h">
      <Filter>core</Filter>
    </ClInclude>
    <ClInclude Include="..\..\jni\predefines.h">
      <Filter>core</Filter>
    </ClInclude>
    <ClInclude Include="..\..\jni\renderer.h">
      <Filter>core</Filter>
    </ClInclude>
    <ClInclude Include="..\..\jni\tools.h">
      <Filter>core</Filter>
    </ClInclude>
    <ClInclude Include="..\..\jni\event.h">
      <Filter>core</Filter>
    </ClInclude>
    <ClInclude Include="..\..\jni\eventmanager.h">
      <Filter>core</Filter>
    </ClInclude>
    <ClInclude Include="..\..\jni\listener.h">
      <Filter>core</Filter>
    </ClInclude>
    <ClInclude Include="..\..\jni\producer.h">
      <Filter>core</Filter>
    </ClInclude>
    <ClInclude Include="..\..\jni\eventtypes.h">
      <Filter>core</Filter>
    </ClInclude>
    <ClInclude Include="..\..\jni\eventmanagercontainer.h">
      <Filter>core</Filter>
    </ClInclude>
    <ClInclude Include="..\..\jni\vertexbuffer.h">
      <Filter>core</Filter>
    </ClInclude>
    <ClInclude Include="..\..\jni\math\kangles.h">
      <Filter>math</Filter>
    </ClInclude>
    <ClInclude Include="..\..\jni\math\klib.h">
      <Filter>math</Filter>
    </ClInclude>
    <ClInclude Include="..\..\jni\math\kmath.h">
      <Filter>math</Filter>
    </ClInclude>
    <ClInclude Include="..\..\jni\math\kmatrix.h">
      <Filter>math</Filter>
    </ClInclude>
    <ClInclude Include="..\..\jni\math\kvector.h">
      <Filter>math</Filter>
    </ClInclude>
    <ClInclude Include="..\..\jni\math\ktypes.h">
      <Filter>math</Filter>
    </ClInclude>
    <ClInclude Include="..\..\jni\vertexbuffergl.h">
      <Filter>core</Filter>
    </ClInclude>
    <ClInclude Include="..\..\jni\interngl.h">
      <Filter>core</Filter>
    </ClInclude>
    <ClInclude Include="..\..\jni\shaderprogram.h">
      <Filter>core</Filter>
    </ClInclude>
    <ClInclude Include="..\..\jni\shadermanager.h">
      <Filter>core</Filter>
    </ClInclude>
    <ClInclude Include="..\..\jni\memory.h">
      <Filter>core</Filter>
    </ClInclude>
    <ClInclude Include="..\..\jni\filemanager.h">
      <Filter>core</Filter>
    </ClInclude>
    <ClInclude Include="..\..\jni\win32\filemanager.h">
      <Filter>win32</Filter>
    </ClInclude>
    <ClInclude Include="..\..\jni\imageloader.h">
      <Filter>core</Filter>
    </ClInclude>
    <ClInclude Include="..\..\jni\texture.h">
      <Filter>core</Filter>
    </ClInclude>
    <ClInclude Include="..\..\jni\win32\texture.h">
      <Filter>win32</Filter>
    </ClInclude>
    <ClInclude Include="..\..\jni\win32\types.h">
      <Filter>win32</Filter>
    </ClInclude>
    <ClInclude Include="..\..\jni\types.h">
      <Filter>core</Filter>
    </ClInclude>
    <ClInclude Include="..\..\jni\material.h">
      <Filter>core</Filter>
    </ClInclude>
    <ClInclude Include="..\..\jni\mesh.h">
      <Filter>core</Filter>
    </ClInclude>
    <ClInclude Include="..\..\jni\Biominator.h">
      <Filter>core</Filter>
    </ClInclude>
    <ClInclude Include="..\..\jni\camera.h">
      <Filter>core</Filter>
    </ClInclude>
    <ClInclude Include="..\..\jni\camera3d.h">
      <Filter>core</Filter>
    </ClInclude>
  </ItemGroup>
</Project>